# This file is autogenerated, do not edit; changes may be undone by the next 'dep ensure'.


[[projects]]
  digest = "1:36a75ab002c1cfb43bcc5d2ec10fbdc2a1136e9246a65e535f1d827435f28f17"
  name = "github.com/sirupsen/logrus"
  packages = ["."]
  pruneopts = "UT"
  revision = "418b41d23a1bf978c06faea5313ba194650ac088"
  version = "v0.8.7"

[solve-meta]
  analyzer-name = "dep"
  analyzer-version = 1
  input-imports = ["github.com/sirupsen/logrus"]
  solver-name = "gps-cdcl"
  solver-version = 1
